
Microsoft Visual Studio Solution File, Format Version 12.00
# Visual Studio Version 16
VisualStudioVersion = 16.0.29926.136
MinimumVisualStudioVersion = 10.0.40219.1
Project("{FAE04EC0-301F-11D3-BF4B-00C04F79EFBC}") = "CA200403B", "CA200403B\CA200403B.csproj", "{0C2F0A0B-DF0C-4F71-8AFC-3C3A8C619429}"
EndProject
Global
	GlobalSection(SolutionConfigurationPlatforms) = preSolution
		Debug|Any CPU = Debug|Any CPU
		Release|Any CPU = Release|Any CPU
	EndGlobalSection
	GlobalSection(ProjectConfigurationPlatforms) = postSolution
		{0C2F0A0B-DF0C-4F71-8AFC-3C3A8C619429}.Debug|Any CPU.ActiveCfg = Debug|Any CPU
		{0C2F0A0B-DF0C-4F71-8AFC-3C3A8C619429}.Debug|Any CPU.Build.0 = Debug|Any CPU
		{0C2F0A0B-DF0C-4F71-8AFC-3C3A8C619429}.Release|Any CPU.ActiveCfg = Release|Any CPU
		{0C2F0A0B-DF0C-4F71-8AFC-3C3A8C619429}.Release|Any CPU.Build.0 = Release|Any CPU
	EndGlobalSection
	GlobalSection(SolutionProperties) = preSolution
		HideSolutionNode = FALSE
	EndGlobalSection
	GlobalSection(ExtensibilityGlobals) = postSolution
		SolutionGuid = {DE40F89D-0BA3-46AB-B6CF-C18C669A9A3D}
	EndGlobalSection
EndGlobal
